
Microsoft Visual Studio Solution File, Format Version 12.00
# Visual Studio Version 16
VisualStudioVersion = 16.0.31613.86
MinimumVisualStudioVersion = 10.0.40219.1
Project("{FAE04EC0-301F-11D3-BF4B-00C04F79EFBC}") = "Database", "Database.csproj", "{592132FA-646A-4D3D-B2DF-79746428F6BC}"
EndProject
Global
	GlobalSection(SolutionConfigurationPlatforms) = preSolution
		Debug|Any CPU = Debug|Any CPU
		Release|Any CPU = Release|Any CPU
	EndGlobalSection
	GlobalSection(ProjectConfigurationPlatforms) = postSolution
		{592132FA-646A-4D3D-B2DF-79746428F6BC}.Debug|Any CPU.ActiveCfg = Debug|Any CPU
		{592132FA-646A-4D3D-B2DF-79746428F6BC}.Debug|Any CPU.Build.0 = Debug|Any CPU
		{592132FA-646A-4D3D-B2DF-79746428F6BC}.Release|Any CPU.ActiveCfg = Release|Any CPU
		{592132FA-646A-4D3D-B2DF-79746428F6BC}.Release|Any CPU.Build.0 = Release|Any CPU
	EndGlobalSection
	GlobalSection(SolutionProperties) = preSolution
		HideSolutionNode = FALSE
	EndGlobalSection
	GlobalSection(ExtensibilityGlobals) = postSolution
		SolutionGuid = {025D705C-2369-42EA-9D31-6876DAF5CC79}
	EndGlobalSection
EndGlobal
